Microsoft Visual Studio Solution File, Format Version 12.00
# Visual Studio Version 16
VisualStudioVersion = 16.0.29728.190
MinimumVisualStudioVersion = 10.0.40219.1
Project("{2150E333-8FDC-42A3-9474-1A3956D46DE8}") = "1 - Presentation", "1 - Presentation", "{11B4E456-5992-4823-BBC0-B89553BF71ED}"
EndProject
Project("{2150E333-8FDC-42A3-9474-1A3956D46DE8}") = "2 - Services", "2 - Services", "{E7A6E864-B128-41F1-B055-F1951304ACCA}"
EndProject
Project("{2150E333-8FDC-42A3-9474-1A3956D46DE8}") = "3 - Application", "3 - Application", "{3376E0B1-F252-4072-BCF7-52B5694A9A1C}"
EndProject
Project("{2150E333-8FDC-42A3-9474-1A3956D46DE8}") = "4 - Domain", "4 - Domain", "{5CACD973-62B5-460D-90C8-8555E7C33A72}"
EndProject
Project("{2150E333-8FDC-42A3-9474-1A3956D46DE8}") = "5 - Infra", "5 - Infra", "{50BE1DB7-8CE2-48EB-A68E-54100DD700B2}"
EndProject
Project("{2150E333-8FDC-42A3-9474-1A3956D46DE8}") = "5.1 - Data", "5.1 - Data", "{27B1D199-5A21-485D-AB82-D40B1BDD358B}"
EndProject
Project("{2150E333-8FDC-42A3-9474-1A3956D46DE8}") = "5.2 - CrossCutting", "5.2 - CrossCutting", "{30EFE8BE-CA27-4FAB-885F-FD768421892F}"
EndProject
Project("{9A19103F-16F7-4668-BE54-9A1E7A4F7556}") = "MLServer.Infra.CrossCutting.IoC", "src\MLServer.Infra.CrossCutting.IoC\MLServer.Infra.CrossCutting.IoC.csproj", "{BAD13422-9918-4FE9-A84B-D253E44C12D7}"
EndProject
Project("{9A19103F-16F7-4668-BE54-9A1E7A4F7556}") = "MLServer.Infra.CrossCutting.Identity", "src\MLServer.Infra.CrossCutting.Identity\MLServer.Infra.CrossCutting.Identity.csproj", "{614E5EAA-78E1-410A-9C68-704B85AC699E}"
EndProject
Project("{9A19103F-16F7-4668-BE54-9A1E7A4F7556}") = "MLServer.Infra.CrossCutting.Bus", "src\MLServer.Infra.CrossCutting.Bus\MLServer.Infra.CrossCutting.Bus.csproj", "{CF7D9868-AA3B-4E62-BF6F-4907E5AB234C}"
EndProject
Project("{9A19103F-16F7-4668-BE54-9A1E7A4F7556}") = "MLServer.Infra.Data", "src\MLServer.Infra.Data\MLServer.Infra.Data.csproj", "{2F958DEA-7953-4FE4-A6BF-5606CB723B64}"
EndProject
Project("{9A19103F-16F7-4668-BE54-9A1E7A4F7556}") = "MLServer.Domain.Core", "src\MLServer.Domain.Core\MLServer.Domain.Core.csproj", "{88A4D9C9-E0F7-4CA9-B4A1-5C2BEC95805B}"
EndProject
Project("{9A19103F-16F7-4668-BE54-9A1E7A4F7556}") = "MLServer.Domain", "src\MLServer.Domain\MLServer.Domain.csproj", "{6F85FEF7-1C15-49D6-8BCD-A76F7A0BB167}"
EndProject
Project("{9A19103F-16F7-4668-BE54-9A1E7A4F7556}") = "MLServer.Application", "src\MLServer.Application\MLServer.Application.csproj", "{6E52CB98-16EA-4B75-A6CA-EDB5DBB20D1F}"
EndProject
Project("{9A19103F-16F7-4668-BE54-9A1E7A4F7556}") = "MLServer.Services.Api", "src\MLServer.Services.Api\MLServer.Services.Api.csproj", "{73C5069B-BAB3-402D-B646-2323DBD4605F}"
EndProject
Project("{2150E333-8FDC-42A3-9474-1A3956D46DE8}") = "Solution Items", "Solution Items", "{92AD7E2C-D45B-4E10-B8BD-FB6314413105}"
	ProjectSection(SolutionItems) = preProject
		global.json = global.json
	EndProjectSection
EndProject
Global
	GlobalSection(SolutionConfigurationPlatforms) = preSolution
		Debug|Any CPU = Debug|Any CPU
		Release|Any CPU = Release|Any CPU
	EndGlobalSection
	GlobalSection(ProjectConfigurationPlatforms) = postSolution
		{BAD13422-9918-4FE9-A84B-D253E44C12D7}.Debug|Any CPU.ActiveCfg = Debug|Any CPU
		{BAD13422-9918-4FE9-A84B-D253E44C12D7}.Debug|Any CPU.Build.0 = Debug|Any CPU
		{BAD13422-9918-4FE9-A84B-D253E44C12D7}.Release|Any CPU.ActiveCfg = Release|Any CPU
		{BAD13422-9918-4FE9-A84B-D253E44C12D7}.Release|Any CPU.Build.0 = Release|Any CPU
		{614E5EAA-78E1-410A-9C68-704B85AC699E}.Debug|Any CPU.ActiveCfg = Debug|Any CPU
		{614E5EAA-78E1-410A-9C68-704B85AC699E}.Debug|Any CPU.Build.0 = Debug|Any CPU
		{614E5EAA-78E1-410A-9C68-704B85AC699E}.Release|Any CPU.ActiveCfg = Release|Any CPU
		{614E5EAA-78E1-410A-9C68-704B85AC699E}.Release|Any CPU.Build.0 = Release|Any CPU
		{CF7D9868-AA3B-4E62-BF6F-4907E5AB234C}.Debug|Any CPU.ActiveCfg = Debug|Any CPU
		{CF7D9868-AA3B-4E62-BF6F-4907E5AB234C}.Debug|Any CPU.Build.0 = Debug|Any CPU
		{CF7D9868-AA3B-4E62-BF6F-4907E5AB234C}.Release|Any CPU.ActiveCfg = Release|Any CPU
		{CF7D9868-AA3B-4E62-BF6F-4907E5AB234C}.Release|Any CPU.Build.0 = Release|Any CPU
		{2F958DEA-7953-4FE4-A6BF-5606CB723B64}.Debug|Any CPU.ActiveCfg = Debug|Any CPU
		{2F958DEA-7953-4FE4-A6BF-5606CB723B64}.Debug|Any CPU.Build.0 = Debug|Any CPU
		{2F958DEA-7953-4FE4-A6BF-5606CB723B64}.Release|Any CPU.ActiveCfg = Release|Any CPU
		{2F958DEA-7953-4FE4-A6BF-5606CB723B64}.Release|Any CPU.Build.0 = Release|Any CPU
		{88A4D9C9-E0F7-4CA9-B4A1-5C2BEC95805B}.Debug|Any CPU.ActiveCfg = Debug|Any CPU
		{88A4D9C9-E0F7-4CA9-B4A1-5C2BEC95805B}.Debug|Any CPU.Build.0 = Debug|Any CPU
		{88A4D9C9-E0F7-4CA9-B4A1-5C2BEC95805B}.Release|Any CPU.ActiveCfg = Release|Any CPU
		{88A4D9C9-E0F7-4CA9-B4A1-5C2BEC95805B}.Release|Any CPU.Build.0 = Release|Any CPU
		{6F85FEF7-1C15-49D6-8BCD-A76F7A0BB167}.Debug|Any CPU.ActiveCfg = Debug|Any CPU
		{6F85FEF7-1C15-49D6-8BCD-A76F7A0BB167}.Debug|Any CPU.Build.0 = Debug|Any CPU
		{6F85FEF7-1C15-49D6-8BCD-A76F7A0BB167}.Release|Any CPU.ActiveCfg = Release|Any CPU
		{6F85FEF7-1C15-49D6-8BCD-A76F7A0BB167}.Release|Any CPU.Build.0 = Release|Any CPU
		{6E52CB98-16EA-4B75-A6CA-EDB5DBB20D1F}.Debug|Any CPU.ActiveCfg = Debug|Any CPU
		{6E52CB98-16EA-4B75-A6CA-EDB5DBB20D1F}.Debug|Any CPU.Build.0 = Debug|Any CPU
		{6E52CB98-16EA-4B75-A6CA-EDB5DBB20D1F}.Release|Any CPU.ActiveCfg = Release|Any CPU
		{6E52CB98-16EA-4B75-A6CA-EDB5DBB20D1F}.Release|Any CPU.Build.0 = Release|Any CPU
		{73C5069B-BAB3-402D-B646-2323DBD4605F}.Debug|Any CPU.ActiveCfg = Debug|Any CPU
		{73C5069B-BAB3-402D-B646-2323DBD4605F}.Debug|Any CPU.Build.0 = Debug|Any CPU
		{73C5069B-BAB3-402D-B646-2323DBD4605F}.Release|Any CPU.ActiveCfg = Release|Any CPU
		{73C5069B-BAB3-402D-B646-2323DBD4605F}.Release|Any CPU.Build.0 = Release|Any CPU
	EndGlobalSection
	GlobalSection(SolutionProperties) = preSolution
		HideSolutionNode = FALSE
	EndGlobalSection
	GlobalSection(NestedProjects) = preSolution
		{27B1D199-5A21-485D-AB82-D40B1BDD358B} = {50BE1DB7-8CE2-48EB-A68E-54100DD700B2}
		{30EFE8BE-CA27-4FAB-885F-FD768421892F} = {50BE1DB7-8CE2-48EB-A68E-54100DD700B2}
		{BAD13422-9918-4FE9-A84B-D253E44C12D7} = {30EFE8BE-CA27-4FAB-885F-FD768421892F}
		{614E5EAA-78E1-410A-9C68-704B85AC699E} = {30EFE8BE-CA27-4FAB-885F-FD768421892F}
		{CF7D9868-AA3B-4E62-BF6F-4907E5AB234C} = {30EFE8BE-CA27-4FAB-885F-FD768421892F}
		{2F958DEA-7953-4FE4-A6BF-5606CB723B64} = {27B1D199-5A21-485D-AB82-D40B1BDD358B}
		{88A4D9C9-E0F7-4CA9-B4A1-5C2BEC95805B} = {5CACD973-62B5-460D-90C8-8555E7C33A72}
		{6F85FEF7-1C15-49D6-8BCD-A76F7A0BB167} = {5CACD973-62B5-460D-90C8-8555E7C33A72}
		{6E52CB98-16EA-4B75-A6CA-EDB5DBB20D1F} = {3376E0B1-F252-4072-BCF7-52B5694A9A1C}
		{73C5069B-BAB3-402D-B646-2323DBD4605F} = {E7A6E864-B128-41F1-B055-F1951304ACCA}
	EndGlobalSection
	GlobalSection(ExtensibilityGlobals) = postSolution
		SolutionGuid = {0CDA705F-A1AC-4923-A35C-29030D1C0819}
	EndGlobalSection
EndGlobal
